
Microsoft Visual Studio Solution File, Format Version 12.00
# Visual Studio Version 16
VisualStudioVersion = 16.0.31205.134
MinimumVisualStudioVersion = 10.0.40219.1
Project("{8BC9CEB8-8B4A-11D0-8D11-00A0C91BC942}") = "Hello world", "Hello world\Hello world.vcxproj", "{18904E27-D517-420D-815A-FFF6DCE6A85E}"
EndProject
Global
	GlobalSection(SolutionConfigurationPlatforms) = preSolution
		Debug|x64 = Debug|x64
		Debug|x86 = Debug|x86
		Release|x64 = Release|x64
		Release|x86 = Release|x86
	EndGlobalSection
	GlobalSection(ProjectConfigurationPlatforms) = postSolution
		{18904E27-D517-420D-815A-FFF6DCE6A85E}.Debug|x64.ActiveCfg = Debug|x64
		{18904E27-D517-420D-815A-FFF6DCE6A85E}.Debug|x64.Build.0 = Debug|x64
		{18904E27-D517-420D-815A-FFF6DCE6A85E}.Debug|x86.ActiveCfg = Debug|Win32
		{18904E27-D517-420D-815A-FFF6DCE6A85E}.Debug|x86.Build.0 = Debug|Win32
		{18904E27-D517-420D-815A-FFF6DCE6A85E}.Release|x64.ActiveCfg = Release|x64
		{18904E27-D517-420D-815A-FFF6DCE6A85E}.Release|x64.Build.0 = Release|x64
		{18904E27-D517-420D-815A-FFF6DCE6A85E}.Release|x86.ActiveCfg = Release|Win32
		{18904E27-D517-420D-815A-FFF6DCE6A85E}.Release|x86.Build.0 = Release|Win32
	EndGlobalSection
	GlobalSection(SolutionProperties) = preSolution
		HideSolutionNode = FALSE
	EndGlobalSection
	GlobalSection(ExtensibilityGlobals) = postSolution
		SolutionGuid = {D7C0A2CD-95E7-40EC-9A0A-4E87624FE446}
	EndGlobalSection
EndGlobal
